
Microsoft Visual Studio Solution File, Format Version 12.00
# Visual Studio Version 17
VisualStudioVersion = 17.10.35027.167
MinimumVisualStudioVersion = 10.0.40219.1
Project("{FAE04EC0-301F-11D3-BF4B-00C04F79EFBC}") = "PimsApp", "PimsApp\PimsApp.csproj", "{61A05B7E-8ACE-4744-A240-904F95A7661A}"
EndProject
Global
	GlobalSection(SolutionConfigurationPlatforms) = preSolution
		Debug|Any CPU = Debug|Any CPU
		Release|Any CPU = Release|Any CPU
	EndGlobalSection
	GlobalSection(ProjectConfigurationPlatforms) = postSolution
		{61A05B7E-8ACE-4744-A240-904F95A7661A}.Debug|Any CPU.ActiveCfg = Debug|Any CPU
		{61A05B7E-8ACE-4744-A240-904F95A7661A}.Debug|Any CPU.Build.0 = Debug|Any CPU
		{61A05B7E-8ACE-4744-A240-904F95A7661A}.Release|Any CPU.ActiveCfg = Release|Any CPU
		{61A05B7E-8ACE-4744-A240-904F95A7661A}.Release|Any CPU.Build.0 = Release|Any CPU
	EndGlobalSection
	GlobalSection(SolutionProperties) = preSolution
		HideSolutionNode = FALSE
	EndGlobalSection
	GlobalSection(ExtensibilityGlobals) = postSolution
		SolutionGuid = {6C5D1658-3C6D-414F-9E7F-33AF30327406}
	EndGlobalSection
EndGlobal
