
Microsoft Visual Studio Solution File, Format Version 12.00
# Visual Studio Version 16
VisualStudioVersion = 25.0.1706.14
MinimumVisualStudioVersion = 10.0.40219.1
Project("{FAE04EC0-301F-11D3-BF4B-00C04F79EFBC}") = "PimsApp", "PimsApp.csproj", "{61A05B7E-8ACE-4744-A240-904F95A7661A}"
EndProject
Global
	GlobalSection(SolutionConfigurationPlatforms) = preSolution
		Debug|Any CPU = Debug|Any CPU
		Release|Any CPU = Release|Any CPU
	EndGlobalSection
	GlobalSection(ProjectConfigurationPlatforms) = postSolution
		{61A05B7E-8ACE-4744-A240-904F95A7661A}.Debug|Any CPU.ActiveCfg = Debug|Any CPU
		{61A05B7E-8ACE-4744-A240-904F95A7661A}.Debug|Any CPU.Build.0 = Debug|Any CPU
		{61A05B7E-8ACE-4744-A240-904F95A7661A}.Release|Any CPU.ActiveCfg = Release|Any CPU
		{61A05B7E-8ACE-4744-A240-904F95A7661A}.Release|Any CPU.Build.0 = Release|Any CPU
	EndGlobalSection
	GlobalSection(SolutionProperties) = preSolution
		HideSolutionNode = FALSE
	EndGlobalSection
	GlobalSection(ExtensibilityGlobals) = postSolution
		SolutionGuid = {A188D5D8-EFCC-45E5-B588-A344A0C3D1F9}
	EndGlobalSection
EndGlobal
